github.com/assaidy/caches v0.0.0-20241015114845-9dc5557897e7 h1:CxvuMZGMjSeazF0iselEmIAUYHy6yiVdhey6vfiahXE=
github.com/assaidy/caches v0.0.0-20241015114845-9dc5557897e7/go.mod h1:KC3Iypl4NnhDI8wIpDrNW8nUKa5zyGP12LsXLA+E2jQ=
github.com/emirpasic/gods v1.18.1 h1:FXtiHYKDGKCW2KzwZKx0iC0PQmdlorYgdFG9jPXJ1Bc=
github.com/emirpasic/gods v1.18.1/go.mod h1:8tpGGwCnJ5H4r6BWwaV6OrWmMoPhUl5jm/FMNAnJvWQ=
